
Microsoft Visual Studio Solution File, Format Version 12.00
# Visual Studio Version 17
VisualStudioVersion = 17.5.2.0
MinimumVisualStudioVersion = 10.0.40219.1
Project("{2150E333-8FDC-42A3-9474-1A3956D46DE8}") = "src", "src", "{827E0CD3-B72D-47B6-A68D-7590B98EB39B}"
EndProject
Project("{FAE04EC0-301F-11D3-BF4B-00C04F79EFBC}") = "COMP", "src\COMP\COMP.csproj", "{235DB550-FC78-1854-4A1A-0094B8E57BC6}"
EndProject
Project("{FAE04EC0-301F-11D3-BF4B-00C04F79EFBC}") = "COMP.Sync", "src\COMP.Sync\COMP.Sync.csproj", "{EE33F450-3435-4928-805C-7F48F44A9B4C}"
EndProject
Project("{FAE04EC0-301F-11D3-BF4B-00C04F79EFBC}") = "COMP.API", "src\COMP.API\COMP.API.csproj", "{BC81DD6D-CC04-44C2-8FC9-00CA6A671F06}"
EndProject
Project("{FAE04EC0-301F-11D3-BF4B-00C04F79EFBC}") = "COMP.Data", "src\COMP.Data\COMP.Data.csproj", "{A37A3486-A5F7-4D8E-9709-C41B2BAC2A17}"
EndProject
Global
	GlobalSection(SolutionConfigurationPlatforms) = preSolution
		Debug|Any CPU = Debug|Any CPU
		Debug|x64 = Debug|x64
		Debug|x86 = Debug|x86
		Release|Any CPU = Release|Any CPU
		Release|x64 = Release|x64
		Release|x86 = Release|x86
	EndGlobalSection
	GlobalSection(ProjectConfigurationPlatforms) = postSolution
		{235DB550-FC78-1854-4A1A-0094B8E57BC6}.Debug|Any CPU.ActiveCfg = Debug|Any CPU
		{235DB550-FC78-1854-4A1A-0094B8E57BC6}.Debug|Any CPU.Build.0 = Debug|Any CPU
		{235DB550-FC78-1854-4A1A-0094B8E57BC6}.Debug|x64.ActiveCfg = Debug|Any CPU
		{235DB550-FC78-1854-4A1A-0094B8E57BC6}.Debug|x64.Build.0 = Debug|Any CPU
		{235DB550-FC78-1854-4A1A-0094B8E57BC6}.Debug|x86.ActiveCfg = Debug|Any CPU
		{235DB550-FC78-1854-4A1A-0094B8E57BC6}.Debug|x86.Build.0 = Debug|Any CPU
		{235DB550-FC78-1854-4A1A-0094B8E57BC6}.Release|Any CPU.ActiveCfg = Release|Any CPU
		{235DB550-FC78-1854-4A1A-0094B8E57BC6}.Release|Any CPU.Build.0 = Release|Any CPU
		{235DB550-FC78-1854-4A1A-0094B8E57BC6}.Release|x64.ActiveCfg = Release|Any CPU
		{235DB550-FC78-1854-4A1A-0094B8E57BC6}.Release|x64.Build.0 = Release|Any CPU
		{235DB550-FC78-1854-4A1A-0094B8E57BC6}.Release|x86.ActiveCfg = Release|Any CPU
		{235DB550-FC78-1854-4A1A-0094B8E57BC6}.Release|x86.Build.0 = Release|Any CPU
		{EE33F450-3435-4928-805C-7F48F44A9B4C}.Debug|Any CPU.ActiveCfg = Debug|Any CPU
		{EE33F450-3435-4928-805C-7F48F44A9B4C}.Debug|Any CPU.Build.0 = Debug|Any CPU
		{EE33F450-3435-4928-805C-7F48F44A9B4C}.Debug|x64.ActiveCfg = Debug|Any CPU
		{EE33F450-3435-4928-805C-7F48F44A9B4C}.Debug|x64.Build.0 = Debug|Any CPU
		{EE33F450-3435-4928-805C-7F48F44A9B4C}.Debug|x86.ActiveCfg = Debug|Any CPU
		{EE33F450-3435-4928-805C-7F48F44A9B4C}.Debug|x86.Build.0 = Debug|Any CPU
		{EE33F450-3435-4928-805C-7F48F44A9B4C}.Release|Any CPU.ActiveCfg = Release|Any CPU
		{EE33F450-3435-4928-805C-7F48F44A9B4C}.Release|Any CPU.Build.0 = Release|Any CPU
		{EE33F450-3435-4928-805C-7F48F44A9B4C}.Release|x64.ActiveCfg = Release|Any CPU
		{EE33F450-3435-4928-805C-7F48F44A9B4C}.Release|x64.Build.0 = Release|Any CPU
		{EE33F450-3435-4928-805C-7F48F44A9B4C}.Release|x86.ActiveCfg = Release|Any CPU
		{EE33F450-3435-4928-805C-7F48F44A9B4C}.Release|x86.Build.0 = Release|Any CPU
		{BC81DD6D-CC04-44C2-8FC9-00CA6A671F06}.Debug|Any CPU.ActiveCfg = Debug|Any CPU
		{BC81DD6D-CC04-44C2-8FC9-00CA6A671F06}.Debug|Any CPU.Build.0 = Debug|Any CPU
		{BC81DD6D-CC04-44C2-8FC9-00CA6A671F06}.Debug|x64.ActiveCfg = Debug|Any CPU
		{BC81DD6D-CC04-44C2-8FC9-00CA6A671F06}.Debug|x64.Build.0 = Debug|Any CPU
		{BC81DD6D-CC04-44C2-8FC9-00CA6A671F06}.Debug|x86.ActiveCfg = Debug|Any CPU
		{BC81DD6D-CC04-44C2-8FC9-00CA6A671F06}.Debug|x86.Build.0 = Debug|Any CPU
		{BC81DD6D-CC04-44C2-8FC9-00CA6A671F06}.Release|Any CPU.ActiveCfg = Release|Any CPU
		{BC81DD6D-CC04-44C2-8FC9-00CA6A671F06}.Release|Any CPU.Build.0 = Release|Any CPU
		{BC81DD6D-CC04-44C2-8FC9-00CA6A671F06}.Release|x64.ActiveCfg = Release|Any CPU
		{BC81DD6D-CC04-44C2-8FC9-00CA6A671F06}.Release|x64.Build.0 = Release|Any CPU
		{BC81DD6D-CC04-44C2-8FC9-00CA6A671F06}.Release|x86.ActiveCfg = Release|Any CPU
		{BC81DD6D-CC04-44C2-8FC9-00CA6A671F06}.Release|x86.Build.0 = Release|Any CPU
		{A37A3486-A5F7-4D8E-9709-C41B2BAC2A17}.Debug|Any CPU.ActiveCfg = Debug|Any CPU
		{A37A3486-A5F7-4D8E-9709-C41B2BAC2A17}.Debug|Any CPU.Build.0 = Debug|Any CPU
		{A37A3486-A5F7-4D8E-9709-C41B2BAC2A17}.Debug|x64.ActiveCfg = Debug|Any CPU
		{A37A3486-A5F7-4D8E-9709-C41B2BAC2A17}.Debug|x64.Build.0 = Debug|Any CPU
		{A37A3486-A5F7-4D8E-9709-C41B2BAC2A17}.Debug|x86.ActiveCfg = Debug|Any CPU
		{A37A3486-A5F7-4D8E-9709-C41B2BAC2A17}.Debug|x86.Build.0 = Debug|Any CPU
		{A37A3486-A5F7-4D8E-9709-C41B2BAC2A17}.Release|Any CPU.ActiveCfg = Release|Any CPU
		{A37A3486-A5F7-4D8E-9709-C41B2BAC2A17}.Release|Any CPU.Build.0 = Release|Any CPU
		{A37A3486-A5F7-4D8E-9709-C41B2BAC2A17}.Release|x64.ActiveCfg = Release|Any CPU
		{A37A3486-A5F7-4D8E-9709-C41B2BAC2A17}.Release|x64.Build.0 = Release|Any CPU
		{A37A3486-A5F7-4D8E-9709-C41B2BAC2A17}.Release|x86.ActiveCfg = Release|Any CPU
		{A37A3486-A5F7-4D8E-9709-C41B2BAC2A17}.Release|x86.Build.0 = Release|Any CPU
	EndGlobalSection
	GlobalSection(SolutionProperties) = preSolution
		HideSolutionNode = FALSE
	EndGlobalSection
	GlobalSection(NestedProjects) = preSolution
		{235DB550-FC78-1854-4A1A-0094B8E57BC6} = {827E0CD3-B72D-47B6-A68D-7590B98EB39B}
		{EE33F450-3435-4928-805C-7F48F44A9B4C} = {827E0CD3-B72D-47B6-A68D-7590B98EB39B}
		{BC81DD6D-CC04-44C2-8FC9-00CA6A671F06} = {827E0CD3-B72D-47B6-A68D-7590B98EB39B}
		{A37A3486-A5F7-4D8E-9709-C41B2BAC2A17} = {827E0CD3-B72D-47B6-A68D-7590B98EB39B}
	EndGlobalSection
	GlobalSection(ExtensibilityGlobals) = postSolution
		SolutionGuid = {23201734-68A1-4D28-B16E-308C39F65D07}
	EndGlobalSection
EndGlobal
